# This file is autogenerated, do not edit; changes may be undone by the next 'dep ensure'.


[[projects]]
  digest = "1:871b7cfa5fe18bfdbd4bf117c166c3cff8d3b61c8afe4e998b5b8ac0c160ca24"
  name = "github.com/alexellis/hmac"
  packages = ["."]
  pruneopts = "UT"
  revision = "d5d71edd7bc74eb6ae4b99eccc6bda738435f43f"
  version = "1.2"

[[projects]]
  branch = "master"
  digest = "1:8db8e6ddd5694f950a8e4e7bcb8ed75e81ad7f8914bc52858c8b8bc5b5ff4197"
  name = "github.com/brankas/emoji"
  packages = ["."]
  pruneopts = "UT"
  revision = "655f4e8893a7499023b03aeeba4ddd38c1a490a8"

[[projects]]
  digest = "1:09fa06250b4e0c69472fadcdf07a29ffcdbd92da94845f8f3cd0dcd19c5f1334"
  name = "github.com/google/go-github"
  packages = ["github"]
  pruneopts = "UT"
  revision = "2e3e74fa920e7d6278b7a9737ab5c8b7b1480294"
  version = "v29.0.3"

[[projects]]
  digest = "1:a63cff6b5d8b95638bfe300385d93b2a6d9d687734b863da8e09dc834510a690"
  name = "github.com/google/go-querystring"
  packages = ["query"]
  pruneopts = "UT"
  revision = "44c6ddd0a2342c386950e880b658017258da92fc"
  version = "v1.0.0"

[[projects]]
  digest = "1:9ff22c26414baf7deaf74f2a788fe7b97666048bcbe346c52cfe823442abbdfb"
  name = "github.com/lib/pq"
  packages = [
    ".",
    "oid",
    "scram",
  ]
  pruneopts = "UT"
  revision = "99274577be97ac9b1d95a2d61d566dc9b7cc6a54"
  version = "v1.3.0"

[[projects]]
  digest = "1:640b3b23db9a5542f998adcf5ca3527951855f93156784dd9592242a61b89598"
  name = "github.com/openfaas/faas-provider"
  packages = ["auth"]
  pruneopts = "UT"
  revision = "98c25c3919da1ca07bb93fad63fd9715b460963f"
  version = "012.1"

[[projects]]
  digest = "1:df78e66063fb11e516c09941a5b11e7a311af88edd6972b9170128899fb28c1a"
  name = "github.com/openfaas/openfaas-cloud"
  packages = ["sdk"]
  pruneopts = "UT"
  revision = "fba4e3ffd97e7029bb554f27fa83259dcbd5d3d3"
  version = "0.13.8"

[[projects]]
  digest = "1:9e1d37b58d17113ec3cb5608ac0382313c5b59470b94ed97d0976e69c7022314"
  name = "github.com/pkg/errors"
  packages = ["."]
  pruneopts = "UT"
  revision = "614d223910a179a466c1767a985424175c39b465"
  version = "v0.9.1"

[[projects]]
  branch = "master"
  digest = "1:07c9329a75451b6c0d49cfea8da6c1dd21a70bd06c3e538e34f5b0d763a223f7"
  name = "golang.org/x/crypto"
  packages = [
    "cast5",
    "openpgp",
    "openpgp/armor",
    "openpgp/elgamal",
    "openpgp/errors",
    "openpgp/packet",
    "openpgp/s2k",
  ]
  pruneopts = "UT"
  revision = "78000ba7a073cafc0278790f6bce552a0f25850e"

[solve-meta]
  analyzer-name = "dep"
  analyzer-version = 1
  input-imports = [
    "github.com/brankas/emoji",
    "github.com/google/go-github/github",
    "github.com/lib/pq",
    "github.com/openfaas/openfaas-cloud/sdk",
    "github.com/pkg/errors",
  ]
  solver-name = "gps-cdcl"
  solver-version = 1
